# THIS IS AN AUTOGENERATED FILE. DO NOT EDIT THIS FILE DIRECTLY.
# yarn lockfile v1


"@adraffy/ens-normalize@^1.11.0":
  version "1.11.1"
  resolved "https://registry.npmjs.org/@adraffy/ens-normalize/-/ens-normalize-1.11.1.tgz"
  integrity sha512-nhCBV3quEgesuf7c7KYfperqSS14T8bYuvJ8PcLJp6znkZpFc0AuW4qBtr8eKVyPPe/8RSr7sglCWPU5eaxwKQ==

"@cspotcode/source-map-support@^0.8.0":
  version "0.8.1"
  resolved "https://registry.npmjs.org/@cspotcode/source-map-support/-/source-map-support-0.8.1.tgz"
  integrity sha512-IchNf6dN4tHoMFIn/7OE8LWZ19Y6q/67Bmf6vnGREv8RSbBVb9LPJxEcnwrcwX6ixSvaiGoomAUvu4YSxXrVgw==
  dependencies:
    "@jridgewell/trace-mapping" "0.3.9"

"@esbuild/darwin-arm64@0.27.4":
  version "0.27.4"
  resolved "https://registry.npmjs.org/@esbuild/darwin-arm64/-/darwin-arm64-0.27.4.tgz"
  integrity sha512-b7xaGIwdJlht8ZFCvMkpDN6uiSmnxxK56N2GDTMYPr2/gzvfdQN8rTfBsvVKmIVY/X7EM+/hJKEIbbHs9oA4tQ==

"@graphql-typed-document-node/core@^3.2.0":
  version "3.2.0"
  resolved "https://registry.npmjs.org/@graphql-typed-document-node/core/-/core-3.2.0.tgz"
  integrity sha512-mB9oAsNCm9aM3/SOv4YtBMqZbYj10R7dkq8byBqxGY/ncFwhf2oQzMV+LCRlWoDSEBJ3COiR1yeDvMtsoOsuFQ==

"@jridgewell/resolve-uri@^3.0.3":
  version "3.1.2"
  resolved "https://registry.npmjs.org/@jridgewell/resolve-uri/-/resolve-uri-3.1.2.tgz"
  integrity sha512-bRISgCIjP20/tbWSPWMEi54QVPRZExkuD9lJL+UIxUKtwVJA8wW1Trb1jMs1RFXo1CBTNZ/5hpC9QvmKWdopKw==

"@jridgewell/sourcemap-codec@^1.4.10":
  version "1.5.0"
  resolved "https://registry.npmjs.org/@jridgewell/sourcemap-codec/-/sourcemap-codec-1.5.0.tgz"
  integrity sha512-gv3ZRaISU3fjPAgNsriBRqGWQL6quFx04YMPW/zD8XMLsU32mhCCbfbO6KZFLjvYpCZ8zyDEgqsgf+PwPaM7GQ==

"@jridgewell/trace-mapping@0.3.9":
  version "0.3.9"
  resolved "https://registry.npmjs.org/@jridgewell/trace-mapping/-/trace-mapping-0.3.9.tgz"
  integrity sha512-3Belt6tdc8bPgAtbcmdtNJlirVoTmEb5e2gC94PnkwEW9jI6CAHUeoG85tjWP5WquqfavoMtMwiG4P926ZKKuQ==
  dependencies:
    "@jridgewell/resolve-uri" "^3.0.3"
    "@jridgewell/sourcemap-codec" "^1.4.10"

"@noble/ciphers@^1.3.0":
  version "1.3.0"
  resolved "https://registry.npmjs.org/@noble/ciphers/-/ciphers-1.3.0.tgz"
  integrity sha512-2I0gnIVPtfnMw9ee9h1dJG7tp81+8Ob3OJb3Mv37rx5L40/b0i7djjCVvGOVqc9AEIQyvyu1i6ypKdFw8R8gQw==

"@noble/curves@^1.6.0":
  version "1.9.7"
  resolved "https://registry.npmjs.org/@noble/curves/-/curves-1.9.7.tgz"
  integrity sha512-gbKGcRUYIjA3/zCCNaWDciTMFI0dCkvou3TL8Zmy5Nc7sJ47a0jtOeZoTaMxkuqRo9cRhjOdZJXegxYE5FN/xw==
  dependencies:
    "@noble/hashes" "1.8.0"

"@noble/curves@~1.9.0":
  version "1.9.7"
  resolved "https://registry.npmjs.org/@noble/curves/-/curves-1.9.7.tgz"
  integrity sha512-gbKGcRUYIjA3/zCCNaWDciTMFI0dCkvou3TL8Zmy5Nc7sJ47a0jtOeZoTaMxkuqRo9cRhjOdZJXegxYE5FN/xw==
  dependencies:
    "@noble/hashes" "1.8.0"

"@noble/curves@1.9.1":
  version "1.9.1"
  resolved "https://registry.npmjs.org/@noble/curves/-/curves-1.9.1.tgz"
  integrity sha512-k11yZxZg+t+gWvBbIswW0yoJlu8cHOC7dhunwOzoWH/mXGBiYyR4YY6hAEK/3EUs4UpB8la1RfdRpeGsFHkWsA==
  dependencies:
    "@noble/hashes" "1.8.0"

"@noble/hashes@^1.8.0", "@noble/hashes@~1.8.0", "@noble/hashes@1.8.0":
  version "1.8.0"
  resolved "https://registry.npmjs.org/@noble/hashes/-/hashes-1.8.0.tgz"
  integrity sha512-jCs9ldd7NwzpgXDIf6P3+NrHh9/sD6CQdxHyjQI+h/6rDNo88ypBxxz45UDuZHz9r3tNz7N/VInSVoVdtXEI4A==

"@peculiar/asn1-schema@^2.3.13":
  version "2.6.0"
  resolved "https://registry.npmjs.org/@peculiar/asn1-schema/-/asn1-schema-2.6.0.tgz"
  integrity sha512-xNLYLBFTBKkCzEZIw842BxytQQATQv+lDTCEMZ8C196iJcJJMBUZxrhSTxLaohMyKK8QlzRNTRkUmanucnDSqg==
  dependencies:
    asn1js "^3.0.6"
    pvtsutils "^1.3.6"
    tslib "^2.8.1"

"@safe-global/protocol-kit@5.2.22":
  version "5.2.22"
  resolved "https://registry.npmjs.org/@safe-global/protocol-kit/-/protocol-kit-5.2.22.tgz"
  integrity sha512-1oGYFDw8UUQqYGrGZw0Yy30v8jlMzvMidMd35HRM3hK/sAAbisUmHqER+KUV1Vvb2KX4c+dnkaw4ctjuMhajbA==
  dependencies:
    "@safe-global/safe-deployments" "^1.37.49"
    "@safe-global/safe-modules-deployments" "^2.2.21"
    "@safe-global/types-kit" "^1.0.5"
    abitype "^1.0.2"
    semver "^7.6.3"
    viem "^2.21.8"
  optionalDependencies:
    "@noble/curves" "^1.6.0"
    "@peculiar/asn1-schema" "^2.3.13"

"@safe-global/safe-deployments@^1.37.49":
  version "1.37.53"
  resolved "https://registry.npmjs.org/@safe-global/safe-deployments/-/safe-deployments-1.37.53.tgz"
  integrity sha512-3XihirwKqcCi6jsipCiW3lYXra9i4pC9nlhHTdUyi7Yx38nBYIkXeLZN2Nmf2UPcQBeHGnW1T3DgzY4VnuF/FQ==
  dependencies:
    semver "^7.6.2"

"@safe-global/safe-modules-deployments@^2.2.21":
  version "2.2.25"
  resolved "https://registry.npmjs.org/@safe-global/safe-modules-deployments/-/safe-modules-deployments-2.2.25.tgz"
  integrity sha512-KjgenKhBRyFHEfo8xlBgNzKAy25vrmGyCGZwTjIuA81yOSRJRe85GE5Yfg/FBKeeyHqR2dD1WPZr6c2Uqd6C/g==

"@safe-global/types-kit@^1.0.5":
  version "1.0.5"
  resolved "https://registry.npmjs.org/@safe-global/types-kit/-/types-kit-1.0.5.tgz"
  integrity sha512-LcAsApV1MDEEymw3ealYjFEoD+PoruPG7Ggt6eF+LX++OGFowMQAS+zK2d5sRReqFjxwUJzMGlS48aQKlQpfZg==
  dependencies:
    abitype "^1.0.2"

"@scure/base@~1.2.5":
  version "1.2.6"
  resolved "https://registry.npmjs.org/@scure/base/-/base-1.2.6.tgz"
  integrity sha512-g/nm5FgUa//MCj1gV09zTJTaM6KBAHqLN907YVQqf7zC49+DcO4B1so4ZX07Ef10Twr6nuqYEH9GEggFXA4Fmg==

"@scure/bip32@^1.7.0", "@scure/bip32@1.7.0":
  version "1.7.0"
  resolved "https://registry.npmjs.org/@scure/bip32/-/bip32-1.7.0.tgz"
  integrity sha512-E4FFX/N3f4B80AKWp5dP6ow+flD1LQZo/w8UnLGYZO674jS6YnYeepycOOksv+vLPSpgN35wgKgy+ybfTb2SMw==
  dependencies:
    "@noble/curves" "~1.9.0"
    "@noble/hashes" "~1.8.0"
    "@scure/base" "~1.2.5"

"@scure/bip39@^1.6.0", "@scure/bip39@1.6.0":
  version "1.6.0"
  resolved "https://registry.npmjs.org/@scure/bip39/-/bip39-1.6.0.tgz"
  integrity sha512-+lF0BbLiJNwVlev4eKelw1WWLaiKXw7sSl8T6FvBlWkdX+94aGJ4o8XjUdlyhTCjd8c+B3KT3JfS8P0bLRNU6A==
  dependencies:
    "@noble/hashes" "~1.8.0"
    "@scure/base" "~1.2.5"

"@ssv-labs/ssv-sdk@github:ssvlabs/ssv-sdk":
  version "1.0.0"
  resolved "git+ssh://git@github.com/ssvlabs/ssv-sdk.git#89376ece917cdd4bbd940290a0c1679975e14e8b"
  dependencies:
    "@graphql-typed-document-node/core" "^3.2.0"
    "@safe-global/protocol-kit" "5.2.22"
    abitype "^1.0.6"
    bls-eth-wasm "^1.4.0"
    class-validator "0.14.3"
    dotenv "^16.4.5"
    graphql-request "7.3.5"
    lodash-es "^4.17.23"
    node-forge "1.3.3"
    scrypt-js "^3.0.1"
    tslib "^2.8.1"
    viem "^2.21.30"
    zod "^3.23.8"

"@tsconfig/node10@^1.0.7":
  version "1.0.11"
  resolved "https://registry.npmjs.org/@tsconfig/node10/-/node10-1.0.11.tgz"
  integrity sha512-DcRjDCujK/kCk/cUe8Xz8ZSpm8mS3mNNpta+jGCA6USEDfktlNvm1+IuZ9eTcDbNk41BHwpHHeW+N1lKCz4zOw==

"@tsconfig/node12@^1.0.7":
  version "1.0.11"
  resolved "https://registry.npmjs.org/@tsconfig/node12/-/node12-1.0.11.tgz"
  integrity sha512-cqefuRsh12pWyGsIoBKJA9luFu3mRxCA+ORZvA4ktLSzIuCUtWVxGIuXigEwO5/ywWFMZ2QEGKWvkZG1zDMTag==

"@tsconfig/node14@^1.0.0":
  version "1.0.3"
  resolved "https://registry.npmjs.org/@tsconfig/node14/-/node14-1.0.3.tgz"
  integrity sha512-ysT8mhdixWK6Hw3i1V2AeRqZ5WfXg1G43mqoYlM2nc6388Fq5jcXyr5mRsqViLx/GJYdoL0bfXD8nmF+Zn/Iow==

"@tsconfig/node16@^1.0.2":
  version "1.0.4"
  resolved "https://registry.npmjs.org/@tsconfig/node16/-/node16-1.0.4.tgz"
  integrity sha512-vxhUy4J8lyeyinH7Azl1pdd43GJhZH/tP2weN8TntQblOY+A0XbT8DJk1/oCPuOOyg/Ja757rG0CgHcWC8OfMA==

"@types/argparse@^2.0.10":
  version "2.0.17"
  resolved "https://registry.npmjs.org/@types/argparse/-/argparse-2.0.17.tgz"
  integrity sha512-fueJssTf+4dW4HODshEGkIZbkLKHzgu1FvCI4cTc/MKum/534Euo3SrN+ilq8xgyHnOjtmg33/hee8iXLRg1XA==

"@types/figlet@^1.5.4":
  version "1.7.0"
  resolved "https://registry.npmjs.org/@types/figlet/-/figlet-1.7.0.tgz"
  integrity sha512-KwrT7p/8Eo3Op/HBSIwGXOsTZKYiM9NpWRBJ5sVjWP/SmlS+oxxRvJht/FNAtliJvja44N3ul1yATgohnVBV0Q==

"@types/node@*", "@types/node@^15.14.9":
  version "15.14.9"
  resolved "https://registry.npmjs.org/@types/node/-/node-15.14.9.tgz"
  integrity sha512-qjd88DrCxupx/kJD5yQgZdcYKZKSIGBVDIBE1/LTGcNm3d2Np/jxojkdePDdfnBHJc5W7vSMpbJ1aB7p/Py69A==

"@types/validator@^13.15.3":
  version "13.15.10"
  resolved "https://registry.npmjs.org/@types/validator/-/validator-13.15.10.tgz"
  integrity sha512-T8L6i7wCuyoK8A/ZeLYt1+q0ty3Zb9+qbSSvrIVitzT3YjZqkTZ40IbRsPanlB4h1QB3JVL1SYCdR6ngtFYcuA==

abitype@^1.0.2, abitype@^1.0.6, abitype@^1.2.3, abitype@1.2.3:
  version "1.2.3"
  resolved "https://registry.npmjs.org/abitype/-/abitype-1.2.3.tgz"
  integrity sha512-Ofer5QUnuUdTFsBRwARMoWKOH1ND5ehwYhJ3OJ/BQO+StkwQjHw0XyVh4vDttzHB7QOFhPHa/o413PJ82gU/Tg==

acorn-walk@^8.1.1:
  version "8.3.4"
  resolved "https://registry.npmjs.org/acorn-walk/-/acorn-walk-8.3.4.tgz"
  integrity sha512-ueEepnujpqee2o5aIYnvHU6C0A42MNdsIDeqy5BydrkuC5R1ZuUFnm27EeFJGoEHJQgn3uleRvmTXaJgfXbt4g==
  dependencies:
    acorn "^8.11.0"

acorn@^8.11.0:
  version "8.14.0"
  resolved "https://registry.npmjs.org/acorn/-/acorn-8.14.0.tgz"
  integrity sha512-cl669nCJTZBsL97OF4kUQm5g5hC2uihk0NxY3WENAC0TYdILVkAyHymAntgxGkl7K+t0cXIrH5siy5S4XkFycA==

acorn@^8.4.1:
  version "8.14.0"
  resolved "https://registry.npmjs.org/acorn/-/acorn-8.14.0.tgz"
  integrity sha512-cl669nCJTZBsL97OF4kUQm5g5hC2uihk0NxY3WENAC0TYdILVkAyHymAntgxGkl7K+t0cXIrH5siy5S4XkFycA==

arg@^4.1.0:
  version "4.1.3"
  resolved "https://registry.npmjs.org/arg/-/arg-4.1.3.tgz"
  integrity sha512-58S9QDqG0Xx27YwPSt9fJxivjYl432YCwfDMfZ+71RAqUrZef7LrKQZ3LHLOwCS4FLNBplP533Zx895SeOCHvA==

argparse@^2.0.1:
  version "2.0.1"
  resolved "https://registry.npmjs.org/argparse/-/argparse-2.0.1.tgz"
  integrity sha512-8+9WqebbFzpX9OR+Wa6O29asIogeRMzcGtAINdpMHHyAg10f05aSFVBbcEqGf/PXw1EjAZ+q2/bEBg3DvurK3Q==

asn1js@^3.0.6:
  version "3.0.7"
  resolved "https://registry.npmjs.org/asn1js/-/asn1js-3.0.7.tgz"
  integrity sha512-uLvq6KJu04qoQM6gvBfKFjlh6Gl0vOKQuR5cJMDHQkmwfMOQeN3F3SHCv9SNYSL+CRoHvOGFfllDlVz03GQjvQ==
  dependencies:
    pvtsutils "^1.3.6"
    pvutils "^1.1.3"
    tslib "^2.8.1"

bls-eth-wasm@^1.4.0:
  version "1.4.0"
  resolved "https://registry.npmjs.org/bls-eth-wasm/-/bls-eth-wasm-1.4.0.tgz"
  integrity sha512-9TJR3r3CUJQR97PU6zokV2kVA80H8g4tkVBnaf9HNH3lFMBZUKZETNCwIuN+exFLujdbt1K188rH3mnq8UgmKw==

class-validator@0.14.3:
  version "0.14.3"
  resolved "https://registry.npmjs.org/class-validator/-/class-validator-0.14.3.tgz"
  integrity sha512-rXXekcjofVN1LTOSw+u4u9WXVEUvNBVjORW154q/IdmYWy1nMbOU9aNtZB0t8m+FJQ9q91jlr2f9CwwUFdFMRA==
  dependencies:
    "@types/validator" "^13.15.3"
    libphonenumber-js "^1.11.1"
    validator "^13.15.20"

create-require@^1.1.0:
  version "1.1.1"
  resolved "https://registry.npmjs.org/create-require/-/create-require-1.1.1.tgz"
  integrity sha512-dcKFX3jn0MpIaXjisoRvexIJVEKzaq7z2rZKxf+MSr9TkdmHmsU4m2lcLojrj/FHl8mk5VxMmYA+ftRkP/3oKQ==

diff@^4.0.1:
  version "4.0.4"
  resolved "https://registry.npmjs.org/diff/-/diff-4.0.4.tgz"
  integrity sha512-X07nttJQkwkfKfvTPG/KSnE2OMdcUCao6+eXF3wmnIQRn2aPAHH3VxDbDOdegkd6JbPsXqShpvEOHfAT+nCNwQ==

dotenv@^16.4.5:
  version "16.6.1"
  resolved "https://registry.npmjs.org/dotenv/-/dotenv-16.6.1.tgz"
  integrity sha512-uBq4egWHTcTt33a72vpSG0z3HnPuIl6NqYcTrKEg2azoEyl2hpW0zqlxysq2pK9HlDIHyHyakeYaYnSAwd8bow==

esbuild-node-externals@^1.20.1:
  version "1.20.1"
  resolved "https://registry.npmjs.org/esbuild-node-externals/-/esbuild-node-externals-1.20.1.tgz"
  integrity sha512-uVs+TC+PBiav2LoTz8WZT/ootINw9Rns5JJyVznlfZH1qOyZxWCPzeXklY04UtZut5qUeFFaEWtcH7XoMwiTTQ==
  dependencies:
    find-up "^5.0.0"

esbuild@^0.27.4, "esbuild@0.12 - 0.27":
  version "0.27.4"
  resolved "https://registry.npmjs.org/esbuild/-/esbuild-0.27.4.tgz"
  integrity sha512-Rq4vbHnYkK5fws5NF7MYTU68FPRE1ajX7heQ/8QXXWqNgqqJ/GkmmyxIzUnf2Sr/bakf8l54716CcMGHYhMrrQ==
  optionalDependencies:
    "@esbuild/aix-ppc64" "0.27.4"
    "@esbuild/android-arm" "0.27.4"
    "@esbuild/android-arm64" "0.27.4"
    "@esbuild/android-x64" "0.27.4"
    "@esbuild/darwin-arm64" "0.27.4"
    "@esbuild/darwin-x64" "0.27.4"
    "@esbuild/freebsd-arm64" "0.27.4"
    "@esbuild/freebsd-x64" "0.27.4"
    "@esbuild/linux-arm" "0.27.4"
    "@esbuild/linux-arm64" "0.27.4"
    "@esbuild/linux-ia32" "0.27.4"
    "@esbuild/linux-loong64" "0.27.4"
    "@esbuild/linux-mips64el" "0.27.4"
    "@esbuild/linux-ppc64" "0.27.4"
    "@esbuild/linux-riscv64" "0.27.4"
    "@esbuild/linux-s390x" "0.27.4"
    "@esbuild/linux-x64" "0.27.4"
    "@esbuild/netbsd-arm64" "0.27.4"
    "@esbuild/netbsd-x64" "0.27.4"
    "@esbuild/openbsd-arm64" "0.27.4"
    "@esbuild/openbsd-x64" "0.27.4"
    "@esbuild/openharmony-arm64" "0.27.4"
    "@esbuild/sunos-x64" "0.27.4"
    "@esbuild/win32-arm64" "0.27.4"
    "@esbuild/win32-ia32" "0.27.4"
    "@esbuild/win32-x64" "0.27.4"

eventemitter3@5.0.1:
  version "5.0.1"
  resolved "https://registry.npmjs.org/eventemitter3/-/eventemitter3-5.0.1.tgz"
  integrity sha512-GWkBvjiSZK87ELrYOSESUYeVIc9mvLLf/nXalMOS5dYrgZq9o5OVkbZAVM06CVxYsCwH9BDZFPlQTlPA1j4ahA==

figlet@^1.5.2:
  version "1.8.0"
  resolved "https://registry.npmjs.org/figlet/-/figlet-1.8.0.tgz"
  integrity sha512-chzvGjd+Sp7KUvPHZv6EXV5Ir3Q7kYNpCr4aHrRW79qFtTefmQZNny+W1pW9kf5zeE6dikku2W50W/wAH2xWgw==

find-up@^5.0.0:
  version "5.0.0"
  resolved "https://registry.npmjs.org/find-up/-/find-up-5.0.0.tgz"
  integrity sha512-78/PXT1wlLLDgTzDs7sjq9hzz0vXD+zn+7wypEe4fXQxCmdmqfGsEPQxmiCSQI3ajFV91bVSsvNtrJRiW6nGng==
  dependencies:
    locate-path "^6.0.0"
    path-exists "^4.0.0"

graphql-request@7.3.5:
  version "7.3.5"
  resolved "https://registry.npmjs.org/graphql-request/-/graphql-request-7.3.5.tgz"
  integrity sha512-yrikPPBQFrHTCEw+Nr89vcKkhSOaKk1a4i1aoK0q2pJp0TkkH+HxJXKeVDqzHSYAEoFoNqKmNuqda1tubgaGZQ==
  dependencies:
    "@graphql-typed-document-node/core" "^3.2.0"

"graphql@^0.8.0 || ^0.9.0 || ^0.10.0 || ^0.11.0 || ^0.12.0 || ^0.13.0 || ^14.0.0 || ^15.0.0 || ^16.0.0 || ^17.0.0", "graphql@14 - 16":
  version "16.13.1"
  resolved "https://registry.npmjs.org/graphql/-/graphql-16.13.1.tgz"
  integrity sha512-gGgrVCoDKlIZ8fIqXBBb0pPKqDgki0Z/FSKNiQzSGj2uEYHr1tq5wmBegGwJx6QB5S5cM0khSBpi/JFHMCvsmQ==

isows@1.0.7:
  version "1.0.7"
  resolved "https://registry.npmjs.org/isows/-/isows-1.0.7.tgz"
  integrity sha512-I1fSfDCZL5P0v33sVqeTDSpcstAg/N+wF5HS033mogOVIp4B+oHC7oOCsA3axAbBSGTJ8QubbNmnIRN/h8U7hg==

libphonenumber-js@^1.11.1:
  version "1.12.40"
  resolved "https://registry.npmjs.org/libphonenumber-js/-/libphonenumber-js-1.12.40.tgz"
  integrity sha512-HKGs7GowShNls3Zh+7DTr6wYpPk5jC78l508yQQY3e8ZgJChM3A9JZghmMJZuK+5bogSfuTafpjksGSR3aMIEg==

locate-path@^6.0.0:
  version "6.0.0"
  resolved "https://registry.npmjs.org/locate-path/-/locate-path-6.0.0.tgz"
  integrity sha512-iPZK6eYjbxRu3uB4/WZ3EsEIMJFMqAoopl3R+zuq0UjcAm/MO6KCweDgPfP3elTztoKP3KtnVHxTn2NHBSDVUw==
  dependencies:
    p-locate "^5.0.0"

lodash-es@^4.17.23:
  version "4.17.23"
  resolved "https://registry.npmjs.org/lodash-es/-/lodash-es-4.17.23.tgz"
  integrity sha512-kVI48u3PZr38HdYz98UmfPnXl2DXrpdctLrFLCd3kOx1xUkOmpFPx7gCWWM5MPkL/fD8zb+Ph0QzjGFs4+hHWg==

make-error@^1.1.1:
  version "1.3.6"
  resolved "https://registry.npmjs.org/make-error/-/make-error-1.3.6.tgz"
  integrity sha512-s8UhlNe7vPKomQhC1qFelMokr/Sc3AgNbso3n74mVPA5LTZwkB9NlXf4XPamLxJE8h0gh73rM94xvwRT2CVInw==

node-forge@1.3.3:
  version "1.3.3"
  resolved "https://registry.npmjs.org/node-forge/-/node-forge-1.3.3.tgz"
  integrity sha512-rLvcdSyRCyouf6jcOIPe/BgwG/d7hKjzMKOas33/pHEr6gbq18IK9zV7DiPvzsz0oBJPme6qr6H6kGZuI9/DZg==

ox@0.14.5:
  version "0.14.5"
  resolved "https://registry.npmjs.org/ox/-/ox-0.14.5.tgz"
  integrity sha512-HgmHmBveYO40H/R3K6TMrwYtHsx/u6TAB+GpZlgJCoW0Sq5Ttpjih0IZZiwGQw7T6vdW4IAyobYrE2mdAvyF8Q==
  dependencies:
    "@adraffy/ens-normalize" "^1.11.0"
    "@noble/ciphers" "^1.3.0"
    "@noble/curves" "1.9.1"
    "@noble/hashes" "^1.8.0"
    "@scure/bip32" "^1.7.0"
    "@scure/bip39" "^1.6.0"
    abitype "^1.2.3"
    eventemitter3 "5.0.1"

p-limit@^3.0.2:
  version "3.1.0"
  resolved "https://registry.npmjs.org/p-limit/-/p-limit-3.1.0.tgz"
  integrity sha512-TYOanM3wGwNGsZN2cVTYPArw454xnXj5qmWF1bEoAc4+cU/ol7GVh7odevjp1FNHduHc3KZMcFduxU5Xc6uJRQ==
  dependencies:
    yocto-queue "^0.1.0"

p-locate@^5.0.0:
  version "5.0.0"
  resolved "https://registry.npmjs.org/p-locate/-/p-locate-5.0.0.tgz"
  integrity sha512-LaNjtRWUBY++zB5nE/NwcaoMylSPk+S+ZHNB1TzdbMJMny6dynpAGt7X/tl/QYq3TIeE6nxHppbo2LGymrG5Pw==
  dependencies:
    p-limit "^3.0.2"

path-exists@^4.0.0:
  version "4.0.0"
  resolved "https://registry.npmjs.org/path-exists/-/path-exists-4.0.0.tgz"
  integrity sha512-ak9Qy5Q7jYb2Wwcey5Fpvg2KoAc/ZIhLSLOSBmRmygPsGwkVVt0fZa0qrtMz+m6tJTAHfZQ8FnmB4MG4LWy7/w==

pvtsutils@^1.3.6:
  version "1.3.6"
  resolved "https://registry.npmjs.org/pvtsutils/-/pvtsutils-1.3.6.tgz"
  integrity sha512-PLgQXQ6H2FWCaeRak8vvk1GW462lMxB5s3Jm673N82zI4vqtVUPuZdffdZbPDFRoU8kAhItWFtPCWiPpp4/EDg==
  dependencies:
    tslib "^2.8.1"

pvutils@^1.1.3:
  version "1.1.5"
  resolved "https://registry.npmjs.org/pvutils/-/pvutils-1.1.5.tgz"
  integrity sha512-KTqnxsgGiQ6ZAzZCVlJH5eOjSnvlyEgx1m8bkRJfOhmGRqfo5KLvmAlACQkrjEtOQ4B7wF9TdSLIs9O90MX9xA==

scrypt-js@^3.0.1:
  version "3.0.1"
  resolved "https://registry.npmjs.org/scrypt-js/-/scrypt-js-3.0.1.tgz"
  integrity sha512-cdwTTnqPu0Hyvf5in5asVdZocVDTNRmR7XEcJuIzMjJeSHybHl7vpB66AzwTaIg6CLSbtjcxc8fqcySfnTkccA==

semver@^7.6.2, semver@^7.6.3:
  version "7.6.3"
  resolved "https://registry.npmjs.org/semver/-/semver-7.6.3.tgz"
  integrity sha512-oVekP1cKtI+CTDvHWYFUcMtsK/00wmAEfyqKfNdARm8u1wNVhSgaX7A8d4UuIlUI5e84iEwOhs7ZPYRmzU9U6A==

ts-node@^10.9.1:
  version "10.9.2"
  resolved "https://registry.npmjs.org/ts-node/-/ts-node-10.9.2.tgz"
  integrity sha512-f0FFpIdcHgn8zcPSbf1dRevwt047YMnaiJM3u2w2RewrB+fob/zePZcrOyQoLMMO7aBIddLcQIEK5dYjkLnGrQ==
  dependencies:
    "@cspotcode/source-map-support" "^0.8.0"
    "@tsconfig/node10" "^1.0.7"
    "@tsconfig/node12" "^1.0.7"
    "@tsconfig/node14" "^1.0.0"
    "@tsconfig/node16" "^1.0.2"
    acorn "^8.4.1"
    acorn-walk "^8.1.1"
    arg "^4.1.0"
    create-require "^1.1.0"
    diff "^4.0.1"
    make-error "^1.1.1"
    v8-compile-cache-lib "^3.0.1"
    yn "3.1.1"

tslib@^2.8.1:
  version "2.8.1"
  resolved "https://registry.npmjs.org/tslib/-/tslib-2.8.1.tgz"
  integrity sha512-oJFu94HQb+KVduSUQL7wnpmqnfmLsOA/nAh6b6EH0wCEoK0/mPeXU6c3wKDV83MkOuHPRHtSXKKU99IBazS/2w==

typescript@^5.9.3, typescript@>=2.7, typescript@>=5.0.4, typescript@>=5.4.0:
  version "5.9.3"
  resolved "https://registry.npmjs.org/typescript/-/typescript-5.9.3.tgz"
  integrity sha512-jl1vZzPDinLr9eUt3J/t7V6FgNEw9QjvBPdysz9KfQDD41fQrC2Y4vKQdiaUpFT4bXlb1RHhLpp8wtm6M5TgSw==

v8-compile-cache-lib@^3.0.1:
  version "3.0.1"
  resolved "https://registry.npmjs.org/v8-compile-cache-lib/-/v8-compile-cache-lib-3.0.1.tgz"
  integrity sha512-wa7YjyUGfNZngI/vtK0UHAN+lgDCxBPCylVXGp0zu59Fz5aiGtNXaq3DhIov063MorB+VfufLh3JlF2KdTK3xg==

validator@^13.15.20:
  version "13.15.26"
  resolved "https://registry.npmjs.org/validator/-/validator-13.15.26.tgz"
  integrity sha512-spH26xU080ydGggxRyR1Yhcbgx+j3y5jbNXk/8L+iRvdIEQ4uTRH2Sgf2dokud6Q4oAtsbNvJ1Ft+9xmm6IZcA==

viem@^2.21.30, viem@^2.21.8, viem@^2.47.5:
  version "2.47.5"
  resolved "https://registry.npmjs.org/viem/-/viem-2.47.5.tgz"
  integrity sha512-nVrJEQ8GL4JoVIrMBF3wwpTUZun0cpojfnOZ+96GtDWhqxZkVdy6vOEgu+jwfXqfTA/+wrR+YsN9TBQmhDUk0g==
  dependencies:
    "@noble/curves" "1.9.1"
    "@noble/hashes" "1.8.0"
    "@scure/bip32" "1.7.0"
    "@scure/bip39" "1.6.0"
    abitype "1.2.3"
    isows "1.0.7"
    ox "0.14.5"
    ws "8.18.3"

ws@*:
  version "8.17.1"
  resolved "https://registry.npmjs.org/ws/-/ws-8.17.1.tgz"
  integrity sha512-6XQFvXTkbfUOZOKKILFG1PDK2NDQs4azKQl26T0YS5CxqWLgXajbPZ+h4gZekJyRqFU8pvnbAbbs/3TgRPy+GQ==

ws@8.18.3:
  version "8.18.3"
  resolved "https://registry.npmjs.org/ws/-/ws-8.18.3.tgz"
  integrity sha512-PEIGCY5tSlUt50cqyMXfCzX+oOPqN0vuGqWzbcJ2xvnkzkq46oOpz7dQaTDBdfICb4N14+GARUDw2XV2N4tvzg==

yn@3.1.1:
  version "3.1.1"
  resolved "https://registry.npmjs.org/yn/-/yn-3.1.1.tgz"
  integrity sha512-Ux4ygGWsu2c7isFWe8Yu1YluJmqVhxqK2cLXNQA5AcC3QfbGNpM7fu0Y8b/z16pXLnFxZYvWhd3fhBY9DLmC6Q==

yocto-queue@^0.1.0:
  version "0.1.0"
  resolved "https://registry.npmjs.org/yocto-queue/-/yocto-queue-0.1.0.tgz"
  integrity sha512-rVksvsnNCdJ/ohGc6xgPwyN8eheCxsiLM8mxuE/t/mOVqJewPuO1miLpTHQiRgTKCLexL4MeAFVagts7HmNZ2Q==

"zod@^3.22.0 || ^4.0.0", zod@^3.23.8:
  version "3.25.76"
  resolved "https://registry.npmjs.org/zod/-/zod-3.25.76.tgz"
  integrity sha512-gzUt/qt81nXsFGKIFcC3YnfEAx5NkunCfnDlvuBSSFS02bcXu4Lmea0AFIUwbLWxWPx3d9p8S5QoaujKcNQxcQ==
